0ab508c15e9a4b0247471b966f171a10a0a042cd
06bf60ec47a40c6c0614392600d6aa13065e9088
cc0d5475a7939299c680717c2e3ef0aa48bc8f4b
6817b00b4d5d5982f7681a36f6cf7f408e33e668
ea2180a36c98fe027e1a4863e926d57886a0be75
6ebfaad890505c3749a7f2f7ae3250fb0b5f88b5
7c848b32d348aa682da3c728d2a31e08138d6e45
46d53cfe3808cb55dd496a7fa5ba37d0d489105e
2b178903324cf417d432453e93013c33d3a5168c
4e8dc1c0c8a28bf05da878a3207da139a2032f64
2b96b772e49c59fc5c0ae9c6f7073421cf57d4e2
bc45e4c9847cfeb589afb06cf6d18c0b3d92a566
afdc673ad9da72b7229b3bf8c14508e2d8db4fac
b4656435a425ffc538e902a6351b463f51e6532c
4d565ddec4d10ee8155511a69b6fecd3a0101c65
41cc3ed5fc2777aefe164ecc4bce7713dd2a8eb2
27949dcf63978f1484179cdfa7b095b121edf707