4124781be013a3e0d71c1463131a5319664d78ef
b170b19e28b21cdf7c1b1c6718e5d5837a03cb97
592c0bd700000beccd188881349b0c81b61dfa27
8c6ec1f0f41d4518a0d9e525b96fd5350e79d1e5
eceed9ab4f9e99ba306a5c279b11f9a26bc3c424
5d085621367cca77a4ad4af39ffd3e012cccd404
8185407f0c522596d316cc0fe296ededde67bd6a
636b8e8ab10b6ac556214944843151e53e7436f2
7607466275ec562d45c867290f69daf2ef5baf46